
Microsoft Visual Studio Solution File, Format Version 12.00
# Visual Studio Version 16
VisualStudioVersion = 16.0.30320.27
MinimumVisualStudioVersion = 10.0.40219.1
Project("{FAE04EC0-301F-11D3-BF4B-00C04F79EFBC}") = "GitHw", "GitHw\GitHw.csproj", "{7A287479-EB05-4046-B418-D189BDCC9072}"
EndProject
Global
	GlobalSection(SolutionConfigurationPlatforms) = preSolution
		Debug|Any CPU = Debug|Any CPU
		Release|Any CPU = Release|Any CPU
	EndGlobalSection
	GlobalSection(ProjectConfigurationPlatforms) = postSolution
		{7A287479-EB05-4046-B418-D189BDCC9072}.Debug|Any CPU.ActiveCfg = Debug|Any CPU
		{7A287479-EB05-4046-B418-D189BDCC9072}.Debug|Any CPU.Build.0 = Debug|Any CPU
		{7A287479-EB05-4046-B418-D189BDCC9072}.Release|Any CPU.ActiveCfg = Release|Any CPU
		{7A287479-EB05-4046-B418-D189BDCC9072}.Release|Any CPU.Build.0 = Release|Any CPU
	EndGlobalSection
	GlobalSection(SolutionProperties) = preSolution
		HideSolutionNode = FALSE
	EndGlobalSection
	GlobalSection(ExtensibilityGlobals) = postSolution
		SolutionGuid = {54FA2154-868A-474F-8704-1064F24E826E}
	EndGlobalSection
EndGlobal
